
Microsoft Visual Studio Solution File, Format Version 12.00
# Visual Studio Version 17
VisualStudioVersion = 17.4.33213.308
MinimumVisualStudioVersion = 10.0.40219.1
Project("{8BC9CEB8-8B4A-11D0-8D11-00A0C91BC942}") = "Practic17.03", "Practic17.03\Practic17.03.vcxproj", "{17944405-CCD0-4FA9-8209-2DA76F38EA62}"
EndProject
Global
	GlobalSection(SolutionConfigurationPlatforms) = preSolution
		Debug|x64 = Debug|x64
		Debug|x86 = Debug|x86
		Release|x64 = Release|x64
		Release|x86 = Release|x86
	EndGlobalSection
	GlobalSection(ProjectConfigurationPlatforms) = postSolution
		{17944405-CCD0-4FA9-8209-2DA76F38EA62}.Debug|x64.ActiveCfg = Debug|x64
		{17944405-CCD0-4FA9-8209-2DA76F38EA62}.Debug|x64.Build.0 = Debug|x64
		{17944405-CCD0-4FA9-8209-2DA76F38EA62}.Debug|x86.ActiveCfg = Debug|Win32
		{17944405-CCD0-4FA9-8209-2DA76F38EA62}.Debug|x86.Build.0 = Debug|Win32
		{17944405-CCD0-4FA9-8209-2DA76F38EA62}.Release|x64.ActiveCfg = Release|x64
		{17944405-CCD0-4FA9-8209-2DA76F38EA62}.Release|x64.Build.0 = Release|x64
		{17944405-CCD0-4FA9-8209-2DA76F38EA62}.Release|x86.ActiveCfg = Release|Win32
		{17944405-CCD0-4FA9-8209-2DA76F38EA62}.Release|x86.Build.0 = Release|Win32
	EndGlobalSection
	GlobalSection(SolutionProperties) = preSolution
		HideSolutionNode = FALSE
	EndGlobalSection
	GlobalSection(ExtensibilityGlobals) = postSolution
		SolutionGuid = {17A01B2F-C469-409C-B6DD-F8E4794652F7}
	EndGlobalSection
EndGlobal
